
Microsoft Visual Studio Solution File, Format Version 12.00
# Visual Studio Version 17
VisualStudioVersion = 17.14.36414.22 d17.14
MinimumVisualStudioVersion = 10.0.40219.1
Project("{FAE04EC0-301F-11D3-BF4B-00C04F79EFBC}") = "WhereDidIPark", "WhereDidIPark\WhereDidIPark.csproj", "{E3BD29F6-A66B-4E26-A29E-0CEE85C545BC}"
EndProject
Global
	GlobalSection(SolutionConfigurationPlatforms) = preSolution
		Debug|Any CPU = Debug|Any CPU
		Release|Any CPU = Release|Any CPU
	EndGlobalSection
	GlobalSection(ProjectConfigurationPlatforms) = postSolution
		{E3BD29F6-A66B-4E26-A29E-0CEE85C545BC}.Debug|Any CPU.ActiveCfg = Debug|Any CPU
		{E3BD29F6-A66B-4E26-A29E-0CEE85C545BC}.Debug|Any CPU.Build.0 = Debug|Any CPU
		{E3BD29F6-A66B-4E26-A29E-0CEE85C545BC}.Release|Any CPU.ActiveCfg = Release|Any CPU
		{E3BD29F6-A66B-4E26-A29E-0CEE85C545BC}.Release|Any CPU.Build.0 = Release|Any CPU
	EndGlobalSection
	GlobalSection(SolutionProperties) = preSolution
		HideSolutionNode = FALSE
	EndGlobalSection
	GlobalSection(ExtensibilityGlobals) = postSolution
		SolutionGuid = {B09B6A43-0E5F-4EEF-8C53-7D7947B9AFD1}
	EndGlobalSection
EndGlobal
